# This file is automatically @generated by Cargo.
# It is not intended for manual editing.
[[package]]
name = "elm-test-rs"
version = "0.1.0"
dependencies = [
 "glob",
 "miniserde",
 "pico-args",
 "varj",
]

[[package]]
name = "glob"
version = "0.3.0"
source = "registry+https://github.com/rust-lang/crates.io-index"
checksum = "9b919933a397b79c37e33b77bb2aa3dc8eb6e165ad809e58ff75bc7db2e34574"

[[package]]
name = "itoa"
version = "0.4.5"
source = "registry+https://github.com/rust-lang/crates.io-index"
checksum = "b8b7a7c0c47db5545ed3fef7468ee7bb5b74691498139e4b3f6a20685dc6dd8e"

[[package]]
name = "mini-internal"
version = "0.1.12"
source = "registry+https://github.com/rust-lang/crates.io-index"
checksum = "bc6a4477c72f7884d4505975c95fd161a9bdf48f9d0dded587a1b496f15b87fa"
dependencies = [
 "proc-macro2",
 "quote",
 "syn",
]

[[package]]
name = "miniserde"
version = "0.1.12"
source = "registry+https://github.com/rust-lang/crates.io-index"
checksum = "4d7c5d2b9208197826e5050eca282e400df4b776044eb8c3603eb36e2389c59b"
dependencies = [
 "itoa",
 "mini-internal",
 "ryu",
]

[[package]]
name = "pico-args"
version = "0.3.1"
source = "registry+https://github.com/rust-lang/crates.io-index"
checksum = "3ad1f1b834a05d42dae330066e9699a173b28185b3bdc3dbf14ca239585de8cc"

[[package]]
name = "proc-macro2"
version = "1.0.10"
source = "registry+https://github.com/rust-lang/crates.io-index"
checksum = "df246d292ff63439fea9bc8c0a270bed0e390d5ebd4db4ba15aba81111b5abe3"
dependencies = [
 "unicode-xid",
]

[[package]]
name = "quote"
version = "1.0.3"
source = "registry+https://github.com/rust-lang/crates.io-index"
checksum = "2bdc6c187c65bca4260c9011c9e3132efe4909da44726bad24cf7572ae338d7f"
dependencies = [
 "proc-macro2",
]

[[package]]
name = "ryu"
version = "1.0.3"
source = "registry+https://github.com/rust-lang/crates.io-index"
checksum = "535622e6be132bccd223f4bb2b8ac8d53cda3c7a6394944d3b2b33fb974f9d76"

[[package]]
name = "syn"
version = "1.0.17"
source = "registry+https://github.com/rust-lang/crates.io-index"
checksum = "0df0eb663f387145cab623dea85b09c2c5b4b0aef44e945d928e682fce71bb03"
dependencies = [
 "proc-macro2",
 "quote",
 "unicode-xid",
]

[[package]]
name = "unicode-xid"
version = "0.2.0"
source = "registry+https://github.com/rust-lang/crates.io-index"
checksum = "826e7639553986605ec5979c7dd957c7895e93eabed50ab2ffa7f6128a75097c"

[[package]]
name = "varj"
version = "0.1.0"
source = "registry+https://github.com/rust-lang/crates.io-index"
checksum = "3faa0617fbc4e45d02504b977ba6020897f1dba5cfd9dce84e1b76bf027d64f2"
